hash: e5f24e9add7f5f4a914bdbe5c66951a1f3230242072d003ebe6d4e42107aaaf4
updated: 2018-07-24T13:39:05.614519+09:00
imports:
- name: github.com/bluele/gcache
  version: 472614239ac7e5bc6461e237c798a6ebd5aff8c1
- name: github.com/btcsuite/btclog
  version: 73889fb79bd687870312b6e40effcecffbd57d30
- name: github.com/btcsuite/fastsha256
  version: 302ad4db268b46f9ebda3078f6f7397f96047735
- name: github.com/btcsuite/go-flags
  version: 6c288d648c1cc1befcb90cb5511dcacf64ae8e61
- name: github.com/btcsuite/go-socks
  version: cfe8b59e565c1a5bd4e2005d77cd9aa8b2e14524
  subpackages:
  - socks
- name: github.com/btcsuite/golangcrypto
  version: 53f62d9b43e87a6c56975cf862af7edf33a8d0df
  subpackages:
  - ripemd160
- name: github.com/btcsuite/seelog
  version: 313961b101eb55f65ae0f03ddd4e322731763b6c
- name: github.com/btcsuite/snappy-go
  version: 0bdef8d067237991ddaa1bb6072a740bc40601ba
- name: github.com/btcsuite/websocket
  version: 31079b6807923eb23992c421b114992b95131b55
- name: github.com/btcsuite/winsvc
  version: f8fb11f83f7e860e3769a08e6811d1b399a43722
  subpackages:
  - eventlog
  - mgr
  - registry
  - svc
  - winapi
- name: github.com/coinstack/btcutil
  version: 8dfa22366bf6cdc8bb32007def9c6242acf4e3d6
  subpackages:
  - .
  - base58
  - bloom
- name: github.com/coinstack/go-hmacauth
  version: 15a76faffa3169cb6d9cf3f85c989a30a4cc0c5b
- name: github.com/coinstack/go-sqlite3
  version: 74f823dd1a0e35ed2fed089beedd28904dab07ab
  vcs: git
- name: github.com/coinstack/goleveldb
  version: a92d2592e062a60b467180aae83b5710b7a275d4
  vcs: git
  subpackages:
  - leveldb
  - leveldb/cache
  - leveldb/comparer
  - leveldb/errors
  - leveldb/filter
  - leveldb/iterator
  - leveldb/journal
  - leveldb/memdb
  - leveldb/opt
  - leveldb/storage
  - leveldb/table
  - leveldb/util
- name: github.com/coinstack/gopher-lua
  version: c9c62d4ee45ec58c3b3dfc4ee47138a4c92f1b14
  subpackages:
  - ast
  - parse
  - pm
- name: github.com/coinstack/gopher-lua-json
  version: 7fc401b8834cef23592137a92d443e233ec449cb
- name: github.com/coinstack/leb128
  version: b82fad66199061c5a7e2f8ba379624ffc1a86ffa
- name: github.com/coreos/etcd
  version: c9504f61fc7f29b0ad30bf8bab02d9e1b600e962
  subpackages:
  - auth/authpb
  - clientv3
  - clientv3/concurrency
  - etcdserver/api/v3rpc/rpctypes
  - etcdserver/etcdserverpb
  - mvcc/mvccpb
  - pkg/types
- name: github.com/davecgh/go-spew
  version: 5215b55f46b2b919f50a1df0eaa5886afe4e3b3d
  subpackages:
  - spew
- name: github.com/gin-contrib/cors
  version: df6cfb7ff4a38d694dfebd0868ecb3e956171366
- name: github.com/gin-contrib/sse
  version: 22d885f9ecc78bf4ee5d72b937e4bbcdc58e8cae
- name: github.com/gin-gonic/gin
  version: d459835d2b077e44f7c9b453505ee29881d5d12d
  subpackages:
  - binding
  - render
- name: github.com/go-ole/go-ole
  version: a41e3c4b706f6ae8dfbff342b06e40fa4d2d0506
  subpackages:
  - oleutil
- name: github.com/golang/protobuf
  version: 5a0f697c9ed9d68fef0116532c6e05cfeae00e55
  subpackages:
  - jsonpb
  - proto
  - protoc-gen-go/descriptor
  - ptypes
  - ptypes/any
  - ptypes/duration
  - ptypes/timestamp
- name: github.com/gorilla/websocket
  version: a69d25be2fe2923a97c2af6849b2f52426f68fc0
- name: github.com/hashicorp/golang-lru
  version: 7f9ef20a0256f494e24126014135cf893ab71e9e
- name: github.com/Jeffail/tunny
  version: 452a8e97d6a39fdd8fb5fdf1327eed2bf0c3429c
- name: github.com/mattn/go-isatty
  version: 6ca4dbf54d38eea1a992b3c722a76a5d1c4cb25c
- name: github.com/shirou/gopsutil
  version: 48fc5612898a1213aa5d6a0fb2d4f7b968e898fb
  repo: https://github.com/shirou/gopsutil.git
  vcs: git
  subpackages:
  - cpu
  - disk
  - internal/common
  - mem
  - net
- name: github.com/StackExchange/wmi
  version: ea383cf3ba6ec950874b8486cd72356d007c768f
- name: github.com/ugorji/go
  version: ded73eae5db7e7a0ef6f55aace87a2873c5d2b74
  subpackages:
  - codec
- name: github.com/vincent-petithory/dataurl
  version: 9a301d65acbb728fcc3ace14f45f511a4cfeea9c
- name: github.com/vrischmann/jsonutil
  version: d44b59f0575ca3785e670025e2488efe0a4a10c4
- name: golang.org/x/crypto
  version: 9419663f5a44be8b34ca85f08abc5fe1be11f8a3
  subpackages:
  - pbkdf2
- name: golang.org/x/net
  version: 66aacef3dd8a676686c7ae3716979581e8b03c47
  subpackages:
  - context
  - http2
  - http2/hpack
  - idna
  - internal/timeseries
  - lex/httplex
  - trace
- name: golang.org/x/sys
  version: e48874b42435b4347fc52bdee0424a52abc974d7
  subpackages:
  - unix
  - windows
- name: golang.org/x/text
  version: 4ee4af566555f5fbe026368b75596286a312663a
  subpackages:
  - secure/bidirule
  - transform
  - unicode/bidi
  - unicode/norm
- name: google.golang.org/genproto
  version: 09f6ed296fc66555a25fe4ce95173148778dfa85
  subpackages:
  - googleapis/api/annotations
  - googleapis/rpc/status
- name: google.golang.org/grpc
  version: 5b3c4e850e90a4cf6a20ebd46c8b32a0a3afcb9e
  subpackages:
  - balancer
  - codes
  - connectivity
  - credentials
  - grpclb/grpc_lb_v1/messages
  - grpclog
  - health
  - health/grpc_health_v1
  - internal
  - keepalive
  - metadata
  - naming
  - peer
  - resolver
  - stats
  - status
  - tap
  - transport
- name: gopkg.in/go-playground/validator.v8
  version: 5f1438d3fca68893a817e4a66806cea46a9e4ebf
- name: gopkg.in/mgo.v2
  version: 3569c88678d88179dcbd68d02ab081cbca3cd4d0
  subpackages:
  - bson
  - internal/sasl
  - internal/scram
- name: gopkg.in/yaml.v2
  version: cd8b52f8269e0feb286dfeef29f8fe4d5b397e0b
testImports: []
